
Microsoft Visual Studio Solution File, Format Version 12.00
# Visual Studio Version 17
VisualStudioVersion = 17.4.33403.182
MinimumVisualStudioVersion = 10.0.40219.1
Project("{FAE04EC0-301F-11D3-BF4B-00C04F79EFBC}") = "BinaryNeighbourhood", "BinaryNeighbourhood\BinaryNeighbourhood.csproj", "{DE07EC69-BD07-4457-BCA0-04C57E2C572E}"
EndProject
Global
	GlobalSection(SolutionConfigurationPlatforms) = preSolution
		Debug|Any CPU = Debug|Any CPU
		Release|Any CPU = Release|Any CPU
	EndGlobalSection
	GlobalSection(ProjectConfigurationPlatforms) = postSolution
		{DE07EC69-BD07-4457-BCA0-04C57E2C572E}.Debug|Any CPU.ActiveCfg = Debug|Any CPU
		{DE07EC69-BD07-4457-BCA0-04C57E2C572E}.Debug|Any CPU.Build.0 = Debug|Any CPU
		{DE07EC69-BD07-4457-BCA0-04C57E2C572E}.Release|Any CPU.ActiveCfg = Release|Any CPU
		{DE07EC69-BD07-4457-BCA0-04C57E2C572E}.Release|Any CPU.Build.0 = Release|Any CPU
	EndGlobalSection
	GlobalSection(SolutionProperties) = preSolution
		HideSolutionNode = FALSE
	EndGlobalSection
	GlobalSection(ExtensibilityGlobals) = postSolution
		SolutionGuid = {537968C3-229C-4F65-A5CA-48BE9C0E640D}
	EndGlobalSection
EndGlobal
